
Microsoft Visual Studio Solution File, Format Version 12.00
# Visual Studio Version 17
VisualStudioVersion = 17.14.36930.0
MinimumVisualStudioVersion = 10.0.40219.1
Project("{FAE04EC0-301F-11D3-BF4B-00C04F79EFBC}") = "Projekt_JA", "Projekt_JA.csproj", "{131AE9E9-5656-419A-A409-217079DA1985}"
EndProject
Project("{8BC9CEB8-8B4A-11D0-8D11-00A0C91BC942}") = "CppLogicDll", "..\CppLogicDll\CppLogicDll.vcxproj", "{C94E3258-A6B1-41C2-8005-503BB256BC98}"
EndProject
Project("{8BC9CEB8-8B4A-11D0-8D11-00A0C91BC942}") = "AsmDll", "..\AsmDll\AsmDll.vcxproj", "{66B3C8F0-7EFE-4429-852E-3EEE0167BFE9}"
EndProject
Project("{8BC9CEB8-8B4A-11D0-8D11-00A0C91BC942}") = "BlurLib", "..\CppLib\BlurLib.vcxproj", "{B46F19D5-296D-45F5-84AC-FEAB6BAC191D}"
EndProject
Global
	GlobalSection(SolutionConfigurationPlatforms) = preSolution
		Debug|Any CPU = Debug|Any CPU
		Debug|x64 = Debug|x64
		Debug|x86 = Debug|x86
		Release|Any CPU = Release|Any CPU
		Release|x64 = Release|x64
		Release|x86 = Release|x86
	EndGlobalSection
	GlobalSection(ProjectConfigurationPlatforms) = postSolution
		{131AE9E9-5656-419A-A409-217079DA1985}.Debug|Any CPU.ActiveCfg = Debug|Any CPU
		{131AE9E9-5656-419A-A409-217079DA1985}.Debug|Any CPU.Build.0 = Debug|Any CPU
		{131AE9E9-5656-419A-A409-217079DA1985}.Debug|x64.ActiveCfg = Debug|Any CPU
		{131AE9E9-5656-419A-A409-217079DA1985}.Debug|x64.Build.0 = Debug|Any CPU
		{131AE9E9-5656-419A-A409-217079DA1985}.Debug|x86.ActiveCfg = Debug|Any CPU
		{131AE9E9-5656-419A-A409-217079DA1985}.Debug|x86.Build.0 = Debug|Any CPU
		{131AE9E9-5656-419A-A409-217079DA1985}.Release|Any CPU.ActiveCfg = Release|Any CPU
		{131AE9E9-5656-419A-A409-217079DA1985}.Release|Any CPU.Build.0 = Release|Any CPU
		{131AE9E9-5656-419A-A409-217079DA1985}.Release|x64.ActiveCfg = Release|Any CPU
		{131AE9E9-5656-419A-A409-217079DA1985}.Release|x64.Build.0 = Release|Any CPU
		{131AE9E9-5656-419A-A409-217079DA1985}.Release|x86.ActiveCfg = Release|Any CPU
		{131AE9E9-5656-419A-A409-217079DA1985}.Release|x86.Build.0 = Release|Any CPU
		{C94E3258-A6B1-41C2-8005-503BB256BC98}.Debug|Any CPU.ActiveCfg = Debug|x64
		{C94E3258-A6B1-41C2-8005-503BB256BC98}.Debug|Any CPU.Build.0 = Debug|x64
		{C94E3258-A6B1-41C2-8005-503BB256BC98}.Debug|x64.ActiveCfg = Debug|x64
		{C94E3258-A6B1-41C2-8005-503BB256BC98}.Debug|x64.Build.0 = Debug|x64
		{C94E3258-A6B1-41C2-8005-503BB256BC98}.Debug|x86.ActiveCfg = Debug|Win32
		{C94E3258-A6B1-41C2-8005-503BB256BC98}.Debug|x86.Build.0 = Debug|Win32
		{C94E3258-A6B1-41C2-8005-503BB256BC98}.Release|Any CPU.ActiveCfg = Release|x64
		{C94E3258-A6B1-41C2-8005-503BB256BC98}.Release|Any CPU.Build.0 = Release|x64
		{C94E3258-A6B1-41C2-8005-503BB256BC98}.Release|x64.ActiveCfg = Release|x64
		{C94E3258-A6B1-41C2-8005-503BB256BC98}.Release|x64.Build.0 = Release|x64
		{C94E3258-A6B1-41C2-8005-503BB256BC98}.Release|x86.ActiveCfg = Release|Win32
		{C94E3258-A6B1-41C2-8005-503BB256BC98}.Release|x86.Build.0 = Release|Win32
		{66B3C8F0-7EFE-4429-852E-3EEE0167BFE9}.Debug|Any CPU.ActiveCfg = Debug|x64
		{66B3C8F0-7EFE-4429-852E-3EEE0167BFE9}.Debug|Any CPU.Build.0 = Debug|x64
		{66B3C8F0-7EFE-4429-852E-3EEE0167BFE9}.Debug|x64.ActiveCfg = Debug|x64
		{66B3C8F0-7EFE-4429-852E-3EEE0167BFE9}.Debug|x64.Build.0 = Debug|x64
		{66B3C8F0-7EFE-4429-852E-3EEE0167BFE9}.Debug|x86.ActiveCfg = Debug|Win32
		{66B3C8F0-7EFE-4429-852E-3EEE0167BFE9}.Debug|x86.Build.0 = Debug|Win32
		{66B3C8F0-7EFE-4429-852E-3EEE0167BFE9}.Release|Any CPU.ActiveCfg = Release|x64
		{66B3C8F0-7EFE-4429-852E-3EEE0167BFE9}.Release|Any CPU.Build.0 = Release|x64
		{66B3C8F0-7EFE-4429-852E-3EEE0167BFE9}.Release|x64.ActiveCfg = Release|x64
		{66B3C8F0-7EFE-4429-852E-3EEE0167BFE9}.Release|x64.Build.0 = Release|x64
		{66B3C8F0-7EFE-4429-852E-3EEE0167BFE9}.Release|x86.ActiveCfg = Release|Win32
		{66B3C8F0-7EFE-4429-852E-3EEE0167BFE9}.Release|x86.Build.0 = Release|Win32
		{B46F19D5-296D-45F5-84AC-FEAB6BAC191D}.Debug|Any CPU.ActiveCfg = Debug|x64
		{B46F19D5-296D-45F5-84AC-FEAB6BAC191D}.Debug|Any CPU.Build.0 = Debug|x64
		{B46F19D5-296D-45F5-84AC-FEAB6BAC191D}.Debug|x64.ActiveCfg = Debug|x64
		{B46F19D5-296D-45F5-84AC-FEAB6BAC191D}.Debug|x64.Build.0 = Debug|x64
		{B46F19D5-296D-45F5-84AC-FEAB6BAC191D}.Debug|x86.ActiveCfg = Debug|Win32
		{B46F19D5-296D-45F5-84AC-FEAB6BAC191D}.Debug|x86.Build.0 = Debug|Win32
		{B46F19D5-296D-45F5-84AC-FEAB6BAC191D}.Release|Any CPU.ActiveCfg = Release|x64
		{B46F19D5-296D-45F5-84AC-FEAB6BAC191D}.Release|Any CPU.Build.0 = Release|x64
		{B46F19D5-296D-45F5-84AC-FEAB6BAC191D}.Release|x64.ActiveCfg = Release|x64
		{B46F19D5-296D-45F5-84AC-FEAB6BAC191D}.Release|x64.Build.0 = Release|x64
		{B46F19D5-296D-45F5-84AC-FEAB6BAC191D}.Release|x86.ActiveCfg = Release|Win32
		{B46F19D5-296D-45F5-84AC-FEAB6BAC191D}.Release|x86.Build.0 = Release|Win32
	EndGlobalSection
	GlobalSection(SolutionProperties) = preSolution
		HideSolutionNode = FALSE
	EndGlobalSection
	GlobalSection(ExtensibilityGlobals) = postSolution
		SolutionGuid = {E47EC8CC-0F66-4802-802F-61FBCDA71BAB}
	EndGlobalSection
EndGlobal
